PODS:
  - CoreStore (6.3.2)
  - KeychainAccess (3.2.0)
  - Networking (5.0.0)
  - SwiftLint (0.35.0)

DEPENDENCIES:
  - CoreStore (~> 6.3)
  - KeychainAccess (~> 3.2)
  - Networking (~> 5.0.0)
  - SwiftLint (~> 0.35)

SPEC REPOS:
  https://github.com/cocoapods/specs.git:
    - CoreStore
    - KeychainAccess
    - Networking
    - SwiftLint

SPEC CHECKSUMS:
  CoreStore: 690a587902a81c412cf353466d2d2a029934267e
  KeychainAccess: 3b1bf8a77eb4c6ea1ce9404c292e48f948954c6b
  Networking: 8ced5868ab2b5cf0fcc1d3657bf9bb589ae2fe91
  SwiftLint: 5553187048b900c91aa03552807681bb6b027846

PODFILE CHECKSUM: 5b45752418ff7379ea583f29f341d558bc55b814

COCOAPODS: 1.7.5
