PODS:
  - CoreStore (7.0.1)
  - KeychainAccess (4.1.0)
  - Networking (5.0.1)
  - SwiftLint (0.37.0)

DEPENDENCIES:
  - CoreStore (~> 7.0)
  - KeychainAccess (~> 4.1)
  - Networking (~> 5.0.1)
  - SwiftLint (~> 0.37)

SPEC REPOS:
  trunk:
    - CoreStore
    - KeychainAccess
    - Networking
    - SwiftLint

SPEC CHECKSUMS:
  CoreStore: c353080c6ae1708f621b75d9f8afe7d2ee716807
  KeychainAccess: 445e28864fe6d3458b41fa211bcdc39890e8bd5a
  Networking: 0a77e3315c32133e3aefb8dd2bd027ff536fd25d
  SwiftLint: c078a14d7d7ade75e5507795d185e3da41d844d2

PODFILE CHECKSUM: 1696aec88dfb6f58cd7eab3a35cad303bc95a729

COCOAPODS: 1.8.4
