// !$*UTF8*$!
{
	archiveVersion = 1;
	classes = {
	};
	objectVersion = 50;
	objects = {

/* Begin PBXBuildFile section */
		0AF1DD403C2E47D3343C2878 /* Pods_TimeTable.framework in Frameworks */ = {isa = PBXBuildFile; fileRef = 88922A1AB918F19A04B07211 /* Pods_TimeTable.framework */; };
		BFB4EF72FAE3D8CD21A09744 /* Pods_TimeTableTests.framework in Frameworks */ = {isa = PBXBuildFile; fileRef = 15FE8C20AC7A1A64A549519E /* Pods_TimeTableTests.framework */; };
		C12260172188927A007D64A3 /* AuthenticationCoordinatorTests.swift in Sources */ = {isa = PBXBuildFile; fileRef = C12260162188927A007D64A3 /* AuthenticationCoordinatorTests.swift */; };
		C122601A21898BD7007D64A3 /* LoginViewModelTests.swift in Sources */ = {isa = PBXBuildFile; fileRef = C122601921898BD7007D64A3 /* LoginViewModelTests.swift */; };
		C122601C21899B84007D64A3 /* ServerConfigurationManager.swift in Sources */ = {isa = PBXBuildFile; fileRef = C122601B21899B84007D64A3 /* ServerConfigurationManager.swift */; };
		C122601F21899F44007D64A3 /* URLSession+Extension.swift in Sources */ = {isa = PBXBuildFile; fileRef = C122601E21899F44007D64A3 /* URLSession+Extension.swift */; };
		C122602121899F82007D64A3 /* URLSessionDataTask+Extension.swift in Sources */ = {isa = PBXBuildFile; fileRef = C122602021899F82007D64A3 /* URLSessionDataTask+Extension.swift */; };
		C1249C652181A1B7005DB2A5 /* BaseCoordinator.swift in Sources */ = {isa = PBXBuildFile; fileRef = C1249C642181A1B7005DB2A5 /* BaseCoordinator.swift */; };
		C1249C682181A1E7005DB2A5 /* CoordinatorType.swift in Sources */ = {isa = PBXBuildFile; fileRef = C1249C672181A1E7005DB2A5 /* CoordinatorType.swift */; };
		C1249C6C2181A23A005DB2A5 /* Error+String.swift in Sources */ = {isa = PBXBuildFile; fileRef = C1249C6B2181A23A005DB2A5 /* Error+String.swift */; };
		C1249C6E2181A265005DB2A5 /* Optional+Unwrap.swift in Sources */ = {isa = PBXBuildFile; fileRef = C1249C6D2181A265005DB2A5 /* Optional+Unwrap.swift */; };
		C1249C712181A282005DB2A5 /* BaseCoordinatorTests.swift in Sources */ = {isa = PBXBuildFile; fileRef = C1249C702181A282005DB2A5 /* BaseCoordinatorTests.swift */; };
		C1249C742181A3D0005DB2A5 /* AppCoordinator.swift in Sources */ = {isa = PBXBuildFile; fileRef = C1249C732181A3D0005DB2A5 /* AppCoordinator.swift */; };
		C1249C772181AAE4005DB2A5 /* StoryboardsManager.swift in Sources */ = {isa = PBXBuildFile; fileRef = C1249C762181AAE4005DB2A5 /* StoryboardsManager.swift */; };
		C1249C7A2181AC49005DB2A5 /* StoryboardsManagerTests.swift in Sources */ = {isa = PBXBuildFile; fileRef = C1249C792181AC49005DB2A5 /* StoryboardsManagerTests.swift */; };
		C1249C7C2181AEB0005DB2A5 /* AppCoordinatorTests.swift in Sources */ = {isa = PBXBuildFile; fileRef = C1249C7B2181AEB0005DB2A5 /* AppCoordinatorTests.swift */; };
		C1249C802181B4FC005DB2A5 /* ErrorHandler.swift in Sources */ = {isa = PBXBuildFile; fileRef = C1249C7F2181B4FC005DB2A5 /* ErrorHandler.swift */; };
		C1249C822181B547005DB2A5 /* ErrorHandlerType.swift in Sources */ = {isa = PBXBuildFile; fileRef = C1249C812181B547005DB2A5 /* ErrorHandlerType.swift */; };
		C1249C852181B567005DB2A5 /* ErrorHanlderTests.swift in Sources */ = {isa = PBXBuildFile; fileRef = C1249C842181B567005DB2A5 /* ErrorHanlderTests.swift */; };
		C125C4D32186F4D800FBA0DD /* ErrorHandlerTypeTests.swift in Sources */ = {isa = PBXBuildFile; fileRef = C125C4D22186F4D800FBA0DD /* ErrorHandlerTypeTests.swift */; };
		C125C4D52186F76500FBA0DD /* CoordinatorErrorPresenterType.swift in Sources */ = {isa = PBXBuildFile; fileRef = C125C4D42186F76500FBA0DD /* CoordinatorErrorPresenterType.swift */; };
		C125C4D72187086C00FBA0DD /* CheckBoxButton.swift in Sources */ = {isa = PBXBuildFile; fileRef = C125C4D62187086C00FBA0DD /* CheckBoxButton.swift */; };
		C125C4DB21871C7A00FBA0DD /* ServerConfiguration.swift in Sources */ = {isa = PBXBuildFile; fileRef = C125C4DA21871C7A00FBA0DD /* ServerConfiguration.swift */; };
		C153AC452181E4E7007A35BB /* ServerConfiguration.storyboard in Resources */ = {isa = PBXBuildFile; fileRef = C153AC442181E4E7007A35BB /* ServerConfiguration.storyboard */; };
		C153AC472182EBC1007A35BB /* ServerConfigurationViewController.swift in Sources */ = {isa = PBXBuildFile; fileRef = C153AC462182EBC1007A35BB /* ServerConfigurationViewController.swift */; };
		C153AC4A2182EE9F007A35BB /* UILabel+Extension .swift in Sources */ = {isa = PBXBuildFile; fileRef = C153AC492182EE9F007A35BB /* UILabel+Extension .swift */; };
		C153AC4C2182EF40007A35BB /* String+Extension.swift in Sources */ = {isa = PBXBuildFile; fileRef = C153AC4B2182EF40007A35BB /* String+Extension.swift */; };
		C153AC4E2182EF82007A35BB /* UIElementLocalizedType.swift in Sources */ = {isa = PBXBuildFile; fileRef = C153AC4D2182EF82007A35BB /* UIElementLocalizedType.swift */; };
		C153AC512182EFEC007A35BB /* UIButton+Extension.swift in Sources */ = {isa = PBXBuildFile; fileRef = C153AC502182EFEC007A35BB /* UIButton+Extension.swift */; };
		C153AC532182F1E3007A35BB /* UITextField+Extension.swift in Sources */ = {isa = PBXBuildFile; fileRef = C153AC522182F1E3007A35BB /* UITextField+Extension.swift */; };
		C153AC592182F7BB007A35BB /* Localizable.strings in Resources */ = {isa = PBXBuildFile; fileRef = C153AC5B2182F7BB007A35BB /* Localizable.strings */; };
		C153AC5E2182FA64007A35BB /* UIButtonExtensionTests.swift in Sources */ = {isa = PBXBuildFile; fileRef = C153AC5D2182FA64007A35BB /* UIButtonExtensionTests.swift */; };
		C153AC602182FC4B007A35BB /* UITextFieldExtensionTests.swift in Sources */ = {isa = PBXBuildFile; fileRef = C153AC5F2182FC4B007A35BB /* UITextFieldExtensionTests.swift */; };
		C153AC622182FCB7007A35BB /* UILabelExtensionTests.swift in Sources */ = {isa = PBXBuildFile; fileRef = C153AC612182FCB7007A35BB /* UILabelExtensionTests.swift */; };
		C153AC6421830AFE007A35BB /* ServerConfiguartionViewModel.swift in Sources */ = {isa = PBXBuildFile; fileRef = C153AC6321830AFE007A35BB /* ServerConfiguartionViewModel.swift */; };
		C153AC6621831499007A35BB /* NotificationCenter+Extenison.swift in Sources */ = {isa = PBXBuildFile; fileRef = C153AC6521831499007A35BB /* NotificationCenter+Extenison.swift */; };
		C153AC6921832073007A35BB /* AttributedView.swift in Sources */ = {isa = PBXBuildFile; fileRef = C153AC6821832073007A35BB /* AttributedView.swift */; };
		C153AC6B218324DB007A35BB /* UIError.swift in Sources */ = {isa = PBXBuildFile; fileRef = C153AC6A218324DB007A35BB /* UIError.swift */; };
		C153AC6D21833BDC007A35BB /* AttributedButton.swift in Sources */ = {isa = PBXBuildFile; fileRef = C153AC6C21833BDC007A35BB /* AttributedButton.swift */; };
		C153AC6F218342F6007A35BB /* UIErrorTests.swift in Sources */ = {isa = PBXBuildFile; fileRef = C153AC6E218342F6007A35BB /* UIErrorTests.swift */; };
		C153AC7321834F22007A35BB /* ServerConfigurationViewModelTests.swift in Sources */ = {isa = PBXBuildFile; fileRef = C153AC7221834F22007A35BB /* ServerConfigurationViewModelTests.swift */; };
		C17EA3B82189E04400A3F0CD /* ServerConfigurationManagerTests.swift in Sources */ = {isa = PBXBuildFile; fileRef = C17EA3B72189E04400A3F0CD /* ServerConfigurationManagerTests.swift */; };
		C17EA3BA2189E9BA00A3F0CD /* ApiErrorTests.swift in Sources */ = {isa = PBXBuildFile; fileRef = C17EA3B92189E9BA00A3F0CD /* ApiErrorTests.swift */; };
		C17EA3BC2189EC1700A3F0CD /* URLSessionExtensionTests.swift in Sources */ = {isa = PBXBuildFile; fileRef = C17EA3BB2189EC1700A3F0CD /* URLSessionExtensionTests.swift */; };
		C1B5136D21772D1200C3727C /* AppDelegate.swift in Sources */ = {isa = PBXBuildFile; fileRef = C1B5136C21772D1200C3727C /* AppDelegate.swift */; };
		C1B5137421772D1400C3727C /* Assets.xcassets in Resources */ = {isa = PBXBuildFile; fileRef = C1B5137321772D1400C3727C /* Assets.xcassets */; };
		C1B5137721772D1400C3727C /* LaunchScreen.storyboard in Resources */ = {isa = PBXBuildFile; fileRef = C1B5137521772D1400C3727C /* LaunchScreen.storyboard */; };
		C1B8FA41218C91F3009D10B4 /* LoginCredentials.swift in Sources */ = {isa = PBXBuildFile; fileRef = C1B8FA40218C91F3009D10B4 /* LoginCredentials.swift */; };
		C1B8FA44218C929F009D10B4 /* SessionDecoder.swift in Sources */ = {isa = PBXBuildFile; fileRef = C1B8FA43218C929F009D10B4 /* SessionDecoder.swift */; };
		C1B8FA49218C963A009D10B4 /* LoginCredentialsTests.swift in Sources */ = {isa = PBXBuildFile; fileRef = C1B8FA48218C963A009D10B4 /* LoginCredentialsTests.swift */; };
		C1B8FA4B218C964C009D10B4 /* SessionDecoderTests.swift in Sources */ = {isa = PBXBuildFile; fileRef = C1B8FA4A218C964C009D10B4 /* SessionDecoderTests.swift */; };
		C1B8FA4D218C9A04009D10B4 /* JSONFileResource.swift in Sources */ = {isa = PBXBuildFile; fileRef = C1B8FA4C218C9A04009D10B4 /* JSONFileResource.swift */; };
		C1B8FA51218C9A86009D10B4 /* singInRequest.json in Resources */ = {isa = PBXBuildFile; fileRef = C1B8FA50218C9A86009D10B4 /* singInRequest.json */; };
		C1C4BA8F2189AD7700683F71 /* Result.swift in Sources */ = {isa = PBXBuildFile; fileRef = C1C4BA8E2189AD7700683F71 /* Result.swift */; };
		C1C4BA912189AE0900683F71 /* ApiError.swift in Sources */ = {isa = PBXBuildFile; fileRef = C1C4BA902189AE0900683F71 /* ApiError.swift */; };
		C1C4BA932189AF3300683F71 /* HTTPMethods.swift in Sources */ = {isa = PBXBuildFile; fileRef = C1C4BA922189AF3300683F71 /* HTTPMethods.swift */; };
		C1F69B2C21902FA5005D9114 /* singInResponse.json in Resources */ = {isa = PBXBuildFile; fileRef = C1F69B2B21902FA5005D9114 /* singInResponse.json */; };
		C1F69B2E21903818005D9114 /* LoginContentProvider.swift in Sources */ = {isa = PBXBuildFile; fileRef = C1F69B2D21903818005D9114 /* LoginContentProvider.swift */; };
		C1F7C2DE2190436B00F4FAF0 /* ServerConfigurationCoordinator.swift in Sources */ = {isa = PBXBuildFile; fileRef = C1F7C2DD2190436B00F4FAF0 /* ServerConfigurationCoordinator.swift */; };
		C1F7C2E021904A1B00F4FAF0 /* ServerConfigurationCoordinatorTests.swift in Sources */ = {isa = PBXBuildFile; fileRef = C1F7C2DF21904A1B00F4FAF0 /* ServerConfigurationCoordinatorTests.swift */; };
		C1F926E4218838720004A9BC /* LoginViewController.swift in Sources */ = {isa = PBXBuildFile; fileRef = C1F926E3218838720004A9BC /* LoginViewController.swift */; };
		C1F926E6218838B80004A9BC /* LoginViewModel.swift in Sources */ = {isa = PBXBuildFile; fileRef = C1F926E5218838B80004A9BC /* LoginViewModel.swift */; };
		C1F926E8218839C00004A9BC /* AuthenticationCoordinator.swift in Sources */ = {isa = PBXBuildFile; fileRef = C1F926E7218839C00004A9BC /* AuthenticationCoordinator.swift */; };
		C1F926EA218846F80004A9BC /* Login.storyboard in Resources */ = {isa = PBXBuildFile; fileRef = C1F926E9218846F80004A9BC /* Login.storyboard */; };
/* End PBXBuildFile section */

/* Begin PBXContainerItemProxy section */
		C1B5137E21772D1400C3727C /* PBXContainerItemProxy */ = {
			isa = PBXContainerItemProxy;
			containerPortal = C1B5136121772D1200C3727C /* Project object */;
			proxyType = 1;
			remoteGlobalIDString = C1B5136821772D1200C3727C;
			remoteInfo = TimeTable;
		};
/* End PBXContainerItemProxy section */

/* Begin PBXFileReference section */
		05D87566C0C83745F3DD8B1C /* Pods-TimeTableTests.debug.xcconfig */ = {isa = PBXFileReference; includeInIndex = 1; lastKnownFileType = text.xcconfig; name = "Pods-TimeTableTests.debug.xcconfig"; path = "Pods/Target Support Files/Pods-TimeTableTests/Pods-TimeTableTests.debug.xcconfig"; sourceTree = "<group>"; };
		0FBF482875EDA8CC06F69C1C /* Pods-TimeTableTests.release.xcconfig */ = {isa = PBXFileReference; includeInIndex = 1; lastKnownFileType = text.xcconfig; name = "Pods-TimeTableTests.release.xcconfig"; path = "Pods/Target Support Files/Pods-TimeTableTests/Pods-TimeTableTests.release.xcconfig"; sourceTree = "<group>"; };
		15FE8C20AC7A1A64A549519E /* Pods_TimeTableTests.framework */ = {isa = PBXFileReference; explicitFileType = wrapper.framework; includeInIndex = 0; path = Pods_TimeTableTests.framework; sourceTree = BUILT_PRODUCTS_DIR; };
		66BDB567562F9CF7E9C0A94F /* Pods-TimeTable.debug.xcconfig */ = {isa = PBXFileReference; includeInIndex = 1; lastKnownFileType = text.xcconfig; name = "Pods-TimeTable.debug.xcconfig"; path = "Pods/Target Support Files/Pods-TimeTable/Pods-TimeTable.debug.xcconfig"; sourceTree = "<group>"; };
		6BD568DB1454D07112D32F1A /* Pods-TimeTable.release.xcconfig */ = {isa = PBXFileReference; includeInIndex = 1; lastKnownFileType = text.xcconfig; name = "Pods-TimeTable.release.xcconfig"; path = "Pods/Target Support Files/Pods-TimeTable/Pods-TimeTable.release.xcconfig"; sourceTree = "<group>"; };
		709A006A1AEE2AB10E218C48 /* Pods-TimeTable.stage.xcconfig */ = {isa = PBXFileReference; includeInIndex = 1; lastKnownFileType = text.xcconfig; name = "Pods-TimeTable.stage.xcconfig"; path = "Pods/Target Support Files/Pods-TimeTable/Pods-TimeTable.stage.xcconfig"; sourceTree = "<group>"; };
		88922A1AB918F19A04B07211 /* Pods_TimeTable.framework */ = {isa = PBXFileReference; explicitFileType = wrapper.framework; includeInIndex = 0; path = Pods_TimeTable.framework; sourceTree = BUILT_PRODUCTS_DIR; };
		C12260162188927A007D64A3 /* AuthenticationCoordinatorTests.swift */ = {isa = PBXFileReference; lastKnownFileType = sourcecode.swift; path = AuthenticationCoordinatorTests.swift; sourceTree = "<group>"; };
		C122601921898BD7007D64A3 /* LoginViewModelTests.swift */ = {isa = PBXFileReference; lastKnownFileType = sourcecode.swift; path = LoginViewModelTests.swift; sourceTree = "<group>"; };
		C122601B21899B84007D64A3 /* ServerConfigurationManager.swift */ = {isa = PBXFileReference; lastKnownFileType = sourcecode.swift; path = ServerConfigurationManager.swift; sourceTree = "<group>"; };
		C122601E21899F44007D64A3 /* URLSession+Extension.swift */ = {isa = PBXFileReference; lastKnownFileType = sourcecode.swift; path = "URLSession+Extension.swift"; sourceTree = "<group>"; };
		C122602021899F82007D64A3 /* URLSessionDataTask+Extension.swift */ = {isa = PBXFileReference; lastKnownFileType = sourcecode.swift; path = "URLSessionDataTask+Extension.swift"; sourceTree = "<group>"; };
		C1249C642181A1B7005DB2A5 /* BaseCoordinator.swift */ = {isa = PBXFileReference; lastKnownFileType = sourcecode.swift; path = BaseCoordinator.swift; sourceTree = "<group>"; };
		C1249C672181A1E7005DB2A5 /* CoordinatorType.swift */ = {isa = PBXFileReference; lastKnownFileType = sourcecode.swift; path = CoordinatorType.swift; sourceTree = "<group>"; };
		C1249C6B2181A23A005DB2A5 /* Error+String.swift */ = {isa = PBXFileReference; lastKnownFileType = sourcecode.swift; path = "Error+String.swift"; sourceTree = "<group>"; };
		C1249C6D2181A265005DB2A5 /* Optional+Unwrap.swift */ = {isa = PBXFileReference; lastKnownFileType = sourcecode.swift; path = "Optional+Unwrap.swift"; sourceTree = "<group>"; };
		C1249C702181A282005DB2A5 /* BaseCoordinatorTests.swift */ = {isa = PBXFileReference; lastKnownFileType = sourcecode.swift; path = BaseCoordinatorTests.swift; sourceTree = "<group>"; };
		C1249C732181A3D0005DB2A5 /* AppCoordinator.swift */ = {isa = PBXFileReference; lastKnownFileType = sourcecode.swift; path = AppCoordinator.swift; sourceTree = "<group>"; };
		C1249C762181AAE4005DB2A5 /* StoryboardsManager.swift */ = {isa = PBXFileReference; lastKnownFileType = sourcecode.swift; path = StoryboardsManager.swift; sourceTree = "<group>"; };
		C1249C792181AC49005DB2A5 /* StoryboardsManagerTests.swift */ = {isa = PBXFileReference; lastKnownFileType = sourcecode.swift; path = StoryboardsManagerTests.swift; sourceTree = "<group>"; };
		C1249C7B2181AEB0005DB2A5 /* AppCoordinatorTests.swift */ = {isa = PBXFileReference; lastKnownFileType = sourcecode.swift; path = AppCoordinatorTests.swift; sourceTree = "<group>"; };
		C1249C7F2181B4FC005DB2A5 /* ErrorHandler.swift */ = {isa = PBXFileReference; lastKnownFileType = sourcecode.swift; path = ErrorHandler.swift; sourceTree = "<group>"; };
		C1249C812181B547005DB2A5 /* ErrorHandlerType.swift */ = {isa = PBXFileReference; lastKnownFileType = sourcecode.swift; path = ErrorHandlerType.swift; sourceTree = "<group>"; };
		C1249C842181B567005DB2A5 /* ErrorHanlderTests.swift */ = {isa = PBXFileReference; lastKnownFileType = sourcecode.swift; path = ErrorHanlderTests.swift; sourceTree = "<group>"; };
		C125C4D22186F4D800FBA0DD /* ErrorHandlerTypeTests.swift */ = {isa = PBXFileReference; lastKnownFileType = sourcecode.swift; path = ErrorHandlerTypeTests.swift; sourceTree = "<group>"; };
		C125C4D42186F76500FBA0DD /* CoordinatorErrorPresenterType.swift */ = {isa = PBXFileReference; lastKnownFileType = sourcecode.swift; path = CoordinatorErrorPresenterType.swift; sourceTree = "<group>"; };
		C125C4D62187086C00FBA0DD /* CheckBoxButton.swift */ = {isa = PBXFileReference; lastKnownFileType = sourcecode.swift; path = CheckBoxButton.swift; sourceTree = "<group>"; };
		C125C4DA21871C7A00FBA0DD /* ServerConfiguration.swift */ = {isa = PBXFileReference; lastKnownFileType = sourcecode.swift; path = ServerConfiguration.swift; sourceTree = "<group>"; };
		C153AC442181E4E7007A35BB /* ServerConfiguration.storyboard */ = {isa = PBXFileReference; lastKnownFileType = file.storyboard; path = ServerConfiguration.storyboard; sourceTree = "<group>"; };
		C153AC462182EBC1007A35BB /* ServerConfigurationViewController.swift */ = {isa = PBXFileReference; lastKnownFileType = sourcecode.swift; path = ServerConfigurationViewController.swift; sourceTree = "<group>"; };
		C153AC492182EE9F007A35BB /* UILabel+Extension .swift */ = {isa = PBXFileReference; lastKnownFileType = sourcecode.swift; path = "UILabel+Extension .swift"; sourceTree = "<group>"; };
		C153AC4B2182EF40007A35BB /* String+Extension.swift */ = {isa = PBXFileReference; lastKnownFileType = sourcecode.swift; path = "String+Extension.swift"; sourceTree = "<group>"; };
		C153AC4D2182EF82007A35BB /* UIElementLocalizedType.swift */ = {isa = PBXFileReference; lastKnownFileType = sourcecode.swift; path = UIElementLocalizedType.swift; sourceTree = "<group>"; };
		C153AC502182EFEC007A35BB /* UIButton+Extension.swift */ = {isa = PBXFileReference; lastKnownFileType = sourcecode.swift; path = "UIButton+Extension.swift"; sourceTree = "<group>"; };
		C153AC522182F1E3007A35BB /* UITextField+Extension.swift */ = {isa = PBXFileReference; lastKnownFileType = sourcecode.swift; path = "UITextField+Extension.swift"; sourceTree = "<group>"; };
		C153AC562182F77C007A35BB /* pl */ = {isa = PBXFileReference; lastKnownFileType = text.plist.strings; name = pl; path = pl.lproj/LaunchScreen.strings; sourceTree = "<group>"; };
		C153AC5A2182F7BB007A35BB /* en */ = {isa = PBXFileReference; lastKnownFileType = text.plist.strings; name = en; path = en.lproj/Localizable.strings; sourceTree = "<group>"; };
		C153AC5C2182F7BD007A35BB /* pl */ = {isa = PBXFileReference; lastKnownFileType = text.plist.strings; name = pl; path = pl.lproj/Localizable.strings; sourceTree = "<group>"; };
		C153AC5D2182FA64007A35BB /* UIButtonExtensionTests.swift */ = {isa = PBXFileReference; lastKnownFileType = sourcecode.swift; path = UIButtonExtensionTests.swift; sourceTree = "<group>"; };
		C153AC5F2182FC4B007A35BB /* UITextFieldExtensionTests.swift */ = {isa = PBXFileReference; lastKnownFileType = sourcecode.swift; path = UITextFieldExtensionTests.swift; sourceTree = "<group>"; };
		C153AC612182FCB7007A35BB /* UILabelExtensionTests.swift */ = {isa = PBXFileReference; lastKnownFileType = sourcecode.swift; path = UILabelExtensionTests.swift; sourceTree = "<group>"; };
		C153AC6321830AFE007A35BB /* ServerConfiguartionViewModel.swift */ = {isa = PBXFileReference; lastKnownFileType = sourcecode.swift; path = ServerConfiguartionViewModel.swift; sourceTree = "<group>"; };
		C153AC6521831499007A35BB /* NotificationCenter+Extenison.swift */ = {isa = PBXFileReference; lastKnownFileType = sourcecode.swift; path = "NotificationCenter+Extenison.swift"; sourceTree = "<group>"; };
		C153AC6821832073007A35BB /* AttributedView.swift */ = {isa = PBXFileReference; lastKnownFileType = sourcecode.swift; path = AttributedView.swift; sourceTree = "<group>"; };
		C153AC6A218324DB007A35BB /* UIError.swift */ = {isa = PBXFileReference; lastKnownFileType = sourcecode.swift; path = UIError.swift; sourceTree = "<group>"; };
		C153AC6C21833BDC007A35BB /* AttributedButton.swift */ = {isa = PBXFileReference; lastKnownFileType = sourcecode.swift; path = AttributedButton.swift; sourceTree = "<group>"; };
		C153AC6E218342F6007A35BB /* UIErrorTests.swift */ = {isa = PBXFileReference; lastKnownFileType = sourcecode.swift; path = UIErrorTests.swift; sourceTree = "<group>"; };
		C153AC7221834F22007A35BB /* ServerConfigurationViewModelTests.swift */ = {isa = PBXFileReference; lastKnownFileType = sourcecode.swift; path = ServerConfigurationViewModelTests.swift; sourceTree = "<group>"; };
		C17EA3B72189E04400A3F0CD /* ServerConfigurationManagerTests.swift */ = {isa = PBXFileReference; lastKnownFileType = sourcecode.swift; path = ServerConfigurationManagerTests.swift; sourceTree = "<group>"; };
		C17EA3B92189E9BA00A3F0CD /* ApiErrorTests.swift */ = {isa = PBXFileReference; lastKnownFileType = sourcecode.swift; path = ApiErrorTests.swift; sourceTree = "<group>"; };
		C17EA3BB2189EC1700A3F0CD /* URLSessionExtensionTests.swift */ = {isa = PBXFileReference; lastKnownFileType = sourcecode.swift; path = URLSessionExtensionTests.swift; sourceTree = "<group>"; };
		C1A10AB521772DB100A83651 /* Debug.xcconfig */ = {isa = PBXFileReference; fileEncoding = 4; lastKnownFileType = text.xcconfig; name = Debug.xcconfig; path = Configuration/Debug.xcconfig; sourceTree = SOURCE_ROOT; };
		C1A10AB621772DB100A83651 /* Release.xcconfig */ = {isa = PBXFileReference; fileEncoding = 4; lastKnownFileType = text.xcconfig; name = Release.xcconfig; path = Configuration/Release.xcconfig; sourceTree = SOURCE_ROOT; };
		C1A10AB721772DB100A83651 /* Stage.xcconfig */ = {isa = PBXFileReference; fileEncoding = 4; lastKnownFileType = text.xcconfig; name = Stage.xcconfig; path = Configuration/Stage.xcconfig; sourceTree = SOURCE_ROOT; };
		C1B5136921772D1200C3727C /* TimeTable.app */ = {isa = PBXFileReference; explicitFileType = wrapper.application; includeInIndex = 0; path = TimeTable.app; sourceTree = BUILT_PRODUCTS_DIR; };
		C1B5136C21772D1200C3727C /* AppDelegate.swift */ = {isa = PBXFileReference; lastKnownFileType = sourcecode.swift; path = AppDelegate.swift; sourceTree = "<group>"; };
		C1B5137321772D1400C3727C /* Assets.xcassets */ = {isa = PBXFileReference; lastKnownFileType = folder.assetcatalog; path = Assets.xcassets; sourceTree = "<group>"; };
		C1B5137621772D1400C3727C /* Base */ = {isa = PBXFileReference; lastKnownFileType = file.storyboard; name = Base; path = Base.lproj/LaunchScreen.storyboard; sourceTree = "<group>"; };
		C1B5137821772D1400C3727C /* Info.plist */ = {isa = PBXFileReference; lastKnownFileType = text.plist.xml; path = Info.plist; sourceTree = "<group>"; };
		C1B5137D21772D1400C3727C /* TimeTableTests.xctest */ = {isa = PBXFileReference; explicitFileType = wrapper.cfbundle; includeInIndex = 0; path = TimeTableTests.xctest; sourceTree = BUILT_PRODUCTS_DIR; };
		C1B5138321772D1400C3727C /* Info.plist */ = {isa = PBXFileReference; lastKnownFileType = text.plist.xml; path = Info.plist; sourceTree = "<group>"; };
		C1B8FA40218C91F3009D10B4 /* LoginCredentials.swift */ = {isa = PBXFileReference; lastKnownFileType = sourcecode.swift; path = LoginCredentials.swift; sourceTree = "<group>"; };
		C1B8FA43218C929F009D10B4 /* SessionDecoder.swift */ = {isa = PBXFileReference; lastKnownFileType = sourcecode.swift; path = SessionDecoder.swift; sourceTree = "<group>"; };
		C1B8FA48218C963A009D10B4 /* LoginCredentialsTests.swift */ = {isa = PBXFileReference; lastKnownFileType = sourcecode.swift; path = LoginCredentialsTests.swift; sourceTree = "<group>"; };
		C1B8FA4A218C964C009D10B4 /* SessionDecoderTests.swift */ = {isa = PBXFileReference; lastKnownFileType = sourcecode.swift; path = SessionDecoderTests.swift; sourceTree = "<group>"; };
		C1B8FA4C218C9A04009D10B4 /* JSONFileResource.swift */ = {isa = PBXFileReference; lastKnownFileType = sourcecode.swift; path = JSONFileResource.swift; sourceTree = "<group>"; };
		C1B8FA50218C9A86009D10B4 /* singInRequest.json */ = {isa = PBXFileReference; lastKnownFileType = text.json; path = singInRequest.json; sourceTree = "<group>"; };
		C1C4BA8E2189AD7700683F71 /* Result.swift */ = {isa = PBXFileReference; lastKnownFileType = sourcecode.swift; path = Result.swift; sourceTree = "<group>"; };
		C1C4BA902189AE0900683F71 /* ApiError.swift */ = {isa = PBXFileReference; lastKnownFileType = sourcecode.swift; path = ApiError.swift; sourceTree = "<group>"; };
		C1C4BA922189AF3300683F71 /* HTTPMethods.swift */ = {isa = PBXFileReference; lastKnownFileType = sourcecode.swift; path = HTTPMethods.swift; sourceTree = "<group>"; };
		C1F69B2B21902FA5005D9114 /* singInResponse.json */ = {isa = PBXFileReference; lastKnownFileType = text.json; path = singInResponse.json; sourceTree = "<group>"; };
		C1F69B2D21903818005D9114 /* LoginContentProvider.swift */ = {isa = PBXFileReference; lastKnownFileType = sourcecode.swift; path = LoginContentProvider.swift; sourceTree = "<group>"; };
		C1F7C2DD2190436B00F4FAF0 /* ServerConfigurationCoordinator.swift */ = {isa = PBXFileReference; lastKnownFileType = sourcecode.swift; path = ServerConfigurationCoordinator.swift; sourceTree = "<group>"; };
		C1F7C2DF21904A1B00F4FAF0 /* ServerConfigurationCoordinatorTests.swift */ = {isa = PBXFileReference; lastKnownFileType = sourcecode.swift; path = ServerConfigurationCoordinatorTests.swift; sourceTree = "<group>"; };
		C1F926E3218838720004A9BC /* LoginViewController.swift */ = {isa = PBXFileReference; lastKnownFileType = sourcecode.swift; path = LoginViewController.swift; sourceTree = "<group>"; };
		C1F926E5218838B80004A9BC /* LoginViewModel.swift */ = {isa = PBXFileReference; lastKnownFileType = sourcecode.swift; path = LoginViewModel.swift; sourceTree = "<group>"; };
		C1F926E7218839C00004A9BC /* AuthenticationCoordinator.swift */ = {isa = PBXFileReference; lastKnownFileType = sourcecode.swift; path = AuthenticationCoordinator.swift; sourceTree = "<group>"; };
		C1F926E9218846F80004A9BC /* Login.storyboard */ = {isa = PBXFileReference; lastKnownFileType = file.storyboard; path = Login.storyboard; sourceTree = "<group>"; };
		C606DDF3BB59C86E7F198617 /* Pods-TimeTableTests.stage.xcconfig */ = {isa = PBXFileReference; includeInIndex = 1; lastKnownFileType = text.xcconfig; name = "Pods-TimeTableTests.stage.xcconfig"; path = "Pods/Target Support Files/Pods-TimeTableTests/Pods-TimeTableTests.stage.xcconfig"; sourceTree = "<group>"; };
/* End PBXFileReference section */

/* Begin PBXFrameworksBuildPhase section */
		C1B5136621772D1200C3727C /* Frameworks */ = {
			isa = PBXFrameworksBuildPhase;
			buildActionMask = 2147483647;
			files = (
				0AF1DD403C2E47D3343C2878 /* Pods_TimeTable.framework in Frameworks */,
			);
			runOnlyForDeploymentPostprocessing = 0;
		};
		C1B5137A21772D1400C3727C /* Frameworks */ = {
			isa = PBXFrameworksBuildPhase;
			buildActionMask = 2147483647;
			files = (
				BFB4EF72FAE3D8CD21A09744 /* Pods_TimeTableTests.framework in Frameworks */,
			);
			runOnlyForDeploymentPostprocessing = 0;
		};
/* End PBXFrameworksBuildPhase section */

/* Begin PBXGroup section */
		0702DC95DE1754B9350A58ED /* Pods */ = {
			isa = PBXGroup;
			children = (
				66BDB567562F9CF7E9C0A94F /* Pods-TimeTable.debug.xcconfig */,
				709A006A1AEE2AB10E218C48 /* Pods-TimeTable.stage.xcconfig */,
				6BD568DB1454D07112D32F1A /* Pods-TimeTable.release.xcconfig */,
				05D87566C0C83745F3DD8B1C /* Pods-TimeTableTests.debug.xcconfig */,
				C606DDF3BB59C86E7F198617 /* Pods-TimeTableTests.stage.xcconfig */,
				0FBF482875EDA8CC06F69C1C /* Pods-TimeTableTests.release.xcconfig */,
			);
			name = Pods;
			sourceTree = "<group>";
		};
		C122601821898BC3007D64A3 /* Login */ = {
			isa = PBXGroup;
			children = (
				C122601921898BD7007D64A3 /* LoginViewModelTests.swift */,
			);
			path = Login;
			sourceTree = "<group>";
		};
		C122601D21899F0D007D64A3 /* ServerConfiguration */ = {
			isa = PBXGroup;
			children = (
				C125C4DA21871C7A00FBA0DD /* ServerConfiguration.swift */,
				C122601B21899B84007D64A3 /* ServerConfigurationManager.swift */,
			);
			path = ServerConfiguration;
			sourceTree = "<group>";
		};
		C1249C5E21819E16005DB2A5 /* Categories */ = {
			isa = PBXGroup;
			children = (
				C1B5137521772D1400C3727C /* LaunchScreen.storyboard */,
				C1F926E121874FB40004A9BC /* Login */,
				C153AC432181E4CC007A35BB /* ServerConfiguration */,
			);
			path = Categories;
			sourceTree = "<group>";
		};
		C1249C5F21819E2C005DB2A5 /* Assets */ = {
			isa = PBXGroup;
			children = (
				C1B5137321772D1400C3727C /* Assets.xcassets */,
			);
			path = Assets;
			sourceTree = "<group>";
		};
		C1249C6021819E33005DB2A5 /* Delegates */ = {
			isa = PBXGroup;
			children = (
				C1B5136C21772D1200C3727C /* AppDelegate.swift */,
			);
			path = Delegates;
			sourceTree = "<group>";
		};
		C1249C6121819E40005DB2A5 /* SupportingFiles */ = {
			isa = PBXGroup;
			children = (
				C1B5137821772D1400C3727C /* Info.plist */,
				C153AC5B2182F7BB007A35BB /* Localizable.strings */,
			);
			path = SupportingFiles;
			sourceTree = "<group>";
		};
		C1249C6221819EF7005DB2A5 /* SupportingFiles */ = {
			isa = PBXGroup;
			children = (
				C1B5138321772D1400C3727C /* Info.plist */,
			);
			path = SupportingFiles;
			sourceTree = "<group>";
		};
		C1249C632181A198005DB2A5 /* Coordinators */ = {
			isa = PBXGroup;
			children = (
				C1249C732181A3D0005DB2A5 /* AppCoordinator.swift */,
				C1F926E7218839C00004A9BC /* AuthenticationCoordinator.swift */,
				C1249C642181A1B7005DB2A5 /* BaseCoordinator.swift */,
				C1F7C2DD2190436B00F4FAF0 /* ServerConfigurationCoordinator.swift */,
				C1249C662181A1CF005DB2A5 /* Protocols */,
			);
			path = Coordinators;
			sourceTree = "<group>";
		};
		C1249C662181A1CF005DB2A5 /* Protocols */ = {
			isa = PBXGroup;
			children = (
				C1249C672181A1E7005DB2A5 /* CoordinatorType.swift */,
				C125C4D42186F76500FBA0DD /* CoordinatorErrorPresenterType.swift */,
			);
			path = Protocols;
			sourceTree = "<group>";
		};
		C1249C692181A21B005DB2A5 /* Common */ = {
			isa = PBXGroup;
			children = (
				C1249C6B2181A23A005DB2A5 /* Error+String.swift */,
				C1249C6D2181A265005DB2A5 /* Optional+Unwrap.swift */,
				C1B8FA4C218C9A04009D10B4 /* JSONFileResource.swift */,
			);
			path = Common;
			sourceTree = "<group>";
		};
		C1249C6F2181A27A005DB2A5 /* Coordinators */ = {
			isa = PBXGroup;
			children = (
				C1249C7B2181AEB0005DB2A5 /* AppCoordinatorTests.swift */,
				C12260162188927A007D64A3 /* AuthenticationCoordinatorTests.swift */,
				C1249C702181A282005DB2A5 /* BaseCoordinatorTests.swift */,
				C1F7C2DF21904A1B00F4FAF0 /* ServerConfigurationCoordinatorTests.swift */,
			);
			path = Coordinators;
			sourceTree = "<group>";
		};
		C1249C752181AAD2005DB2A5 /* Models */ = {
			isa = PBXGroup;
			children = (
				C1C4BA922189AF3300683F71 /* HTTPMethods.swift */,
				C1C4BA8E2189AD7700683F71 /* Result.swift */,
				C1249C762181AAE4005DB2A5 /* StoryboardsManager.swift */,
				C1249C7D2181B4CF005DB2A5 /* Errors */,
				C122601D21899F0D007D64A3 /* ServerConfiguration */,
				C1B8FA47218C9617009D10B4 /* Session */,
			);
			path = Models;
			sourceTree = "<group>";
		};
		C1249C782181AC35005DB2A5 /* Models */ = {
			isa = PBXGroup;
			children = (
				C1249C792181AC49005DB2A5 /* StoryboardsManagerTests.swift */,
				C1249C832181B556005DB2A5 /* Errors */,
				C17EA3B62189E01F00A3F0CD /* ServerConfiguration */,
				C1B8FA46218C95D3009D10B4 /* Session */,
			);
			path = Models;
			sourceTree = "<group>";
		};
		C1249C7D2181B4CF005DB2A5 /* Errors */ = {
			isa = PBXGroup;
			children = (
				C1C4BA902189AE0900683F71 /* ApiError.swift */,
				C1249C7F2181B4FC005DB2A5 /* ErrorHandler.swift */,
				C1249C812181B547005DB2A5 /* ErrorHandlerType.swift */,
				C153AC6A218324DB007A35BB /* UIError.swift */,
			);
			path = Errors;
			sourceTree = "<group>";
		};
		C1249C832181B556005DB2A5 /* Errors */ = {
			isa = PBXGroup;
			children = (
				C17EA3B92189E9BA00A3F0CD /* ApiErrorTests.swift */,
				C125C4D22186F4D800FBA0DD /* ErrorHandlerTypeTests.swift */,
				C1249C842181B567005DB2A5 /* ErrorHanlderTests.swift */,
				C153AC6E218342F6007A35BB /* UIErrorTests.swift */,
			);
			path = Errors;
			sourceTree = "<group>";
		};
		C153AC432181E4CC007A35BB /* ServerConfiguration */ = {
			isa = PBXGroup;
			children = (
				C153AC442181E4E7007A35BB /* ServerConfiguration.storyboard */,
				C153AC462182EBC1007A35BB /* ServerConfigurationViewController.swift */,
				C153AC6321830AFE007A35BB /* ServerConfiguartionViewModel.swift */,
			);
			path = ServerConfiguration;
			sourceTree = "<group>";
		};
		C153AC482182EE78007A35BB /* Extensions  */ = {
			isa = PBXGroup;
			children = (
				C153AC6521831499007A35BB /* NotificationCenter+Extenison.swift */,
				C153AC4B2182EF40007A35BB /* String+Extension.swift */,
				C153AC502182EFEC007A35BB /* UIButton+Extension.swift */,
				C153AC492182EE9F007A35BB /* UILabel+Extension .swift */,
				C153AC522182F1E3007A35BB /* UITextField+Extension.swift */,
				C122601E21899F44007D64A3 /* URLSession+Extension.swift */,
				C122602021899F82007D64A3 /* URLSessionDataTask+Extension.swift */,
				C153AC4F2182EFB5007A35BB /* Protocols */,
			);
			path = "Extensions ";
			sourceTree = "<group>";
		};
		C153AC4F2182EFB5007A35BB /* Protocols */ = {
			isa = PBXGroup;
			children = (
				C153AC4D2182EF82007A35BB /* UIElementLocalizedType.swift */,
			);
			path = Protocols;
			sourceTree = "<group>";
		};
		C153AC542182F3A6007A35BB /* Extensions */ = {
			isa = PBXGroup;
			children = (
				C153AC5D2182FA64007A35BB /* UIButtonExtensionTests.swift */,
				C153AC5F2182FC4B007A35BB /* UITextFieldExtensionTests.swift */,
				C153AC612182FCB7007A35BB /* UILabelExtensionTests.swift */,
				C17EA3BB2189EC1700A3F0CD /* URLSessionExtensionTests.swift */,
			);
			path = Extensions;
			sourceTree = "<group>";
		};
		C153AC6721832057007A35BB /* Views */ = {
			isa = PBXGroup;
			children = (
				C153AC6821832073007A35BB /* AttributedView.swift */,
				C153AC6C21833BDC007A35BB /* AttributedButton.swift */,
				C125C4D62187086C00FBA0DD /* CheckBoxButton.swift */,
			);
			path = Views;
			sourceTree = "<group>";
		};
		C153AC7021834F08007A35BB /* Categories */ = {
			isa = PBXGroup;
			children = (
				C122601821898BC3007D64A3 /* Login */,
				C153AC7121834F13007A35BB /* ServerConfiguration */,
			);
			path = Categories;
			sourceTree = "<group>";
		};
		C153AC7121834F13007A35BB /* ServerConfiguration */ = {
			isa = PBXGroup;
			children = (
				C153AC7221834F22007A35BB /* ServerConfigurationViewModelTests.swift */,
			);
			path = ServerConfiguration;
			sourceTree = "<group>";
		};
		C17EA3B62189E01F00A3F0CD /* ServerConfiguration */ = {
			isa = PBXGroup;
			children = (
				C17EA3B72189E04400A3F0CD /* ServerConfigurationManagerTests.swift */,
			);
			path = ServerConfiguration;
			sourceTree = "<group>";
		};
		C1A10AB421772DA400A83651 /* Configuration */ = {
			isa = PBXGroup;
			children = (
				C1A10AB521772DB100A83651 /* Debug.xcconfig */,
				C1A10AB621772DB100A83651 /* Release.xcconfig */,
				C1A10AB721772DB100A83651 /* Stage.xcconfig */,
			);
			name = Configuration;
			sourceTree = "<group>";
		};
		C1B5136021772D1200C3727C = {
			isa = PBXGroup;
			children = (
				C1B5136B21772D1200C3727C /* TimeTable */,
				C1B5138021772D1400C3727C /* TimeTableTests */,
				C1B5136A21772D1200C3727C /* Products */,
				0702DC95DE1754B9350A58ED /* Pods */,
				DEEB3A255EF0DE2C5C26AE96 /* Frameworks */,
			);
			sourceTree = "<group>";
		};
		C1B5136A21772D1200C3727C /* Products */ = {
			isa = PBXGroup;
			children = (
				C1B5136921772D1200C3727C /* TimeTable.app */,
				C1B5137D21772D1400C3727C /* TimeTableTests.xctest */,
			);
			name = Products;
			sourceTree = "<group>";
		};
		C1B5136B21772D1200C3727C /* TimeTable */ = {
			isa = PBXGroup;
			children = (
				C1249C5F21819E2C005DB2A5 /* Assets */,
				C1249C5E21819E16005DB2A5 /* Categories */,
				C1A10AB421772DA400A83651 /* Configuration */,
				C1249C632181A198005DB2A5 /* Coordinators */,
				C1249C6021819E33005DB2A5 /* Delegates */,
				C153AC482182EE78007A35BB /* Extensions  */,
				C1249C752181AAD2005DB2A5 /* Models */,
				C1249C6121819E40005DB2A5 /* SupportingFiles */,
				C153AC6721832057007A35BB /* Views */,
			);
			path = TimeTable;
			sourceTree = "<group>";
		};
		C1B5138021772D1400C3727C /* TimeTableTests */ = {
			isa = PBXGroup;
			children = (
				C153AC7021834F08007A35BB /* Categories */,
				C1249C692181A21B005DB2A5 /* Common */,
				C1249C6F2181A27A005DB2A5 /* Coordinators */,
				C153AC542182F3A6007A35BB /* Extensions */,
				C1249C782181AC35005DB2A5 /* Models */,
				C1B8FA4E218C9A5B009D10B4 /* Resources */,
				C1249C6221819EF7005DB2A5 /* SupportingFiles */,
			);
			path = TimeTableTests;
			sourceTree = "<group>";
		};
		C1B8FA46218C95D3009D10B4 /* Session */ = {
			isa = PBXGroup;
			children = (
				C1B8FA48218C963A009D10B4 /* LoginCredentialsTests.swift */,
				C1B8FA4A218C964C009D10B4 /* SessionDecoderTests.swift */,
			);
			path = Session;
			sourceTree = "<group>";
		};
		C1B8FA47218C9617009D10B4 /* Session */ = {
			isa = PBXGroup;
			children = (
				C1B8FA40218C91F3009D10B4 /* LoginCredentials.swift */,
				C1B8FA43218C929F009D10B4 /* SessionDecoder.swift */,
			);
			path = Session;
			sourceTree = "<group>";
		};
		C1B8FA4E218C9A5B009D10B4 /* Resources */ = {
			isa = PBXGroup;
			children = (
				C1B8FA4F218C9A64009D10B4 /* Session */,
			);
			path = Resources;
			sourceTree = "<group>";
		};
		C1B8FA4F218C9A64009D10B4 /* Session */ = {
			isa = PBXGroup;
			children = (
				C1B8FA50218C9A86009D10B4 /* singInRequest.json */,
				C1F69B2B21902FA5005D9114 /* singInResponse.json */,
			);
			path = Session;
			sourceTree = "<group>";
		};
		C1F926E121874FB40004A9BC /* Login */ = {
			isa = PBXGroup;
			children = (
				C1F926E9218846F80004A9BC /* Login.storyboard */,
				C1F926E3218838720004A9BC /* LoginViewController.swift */,
				C1F926E5218838B80004A9BC /* LoginViewModel.swift */,
				C1F69B2D21903818005D9114 /* LoginContentProvider.swift */,
			);
			path = Login;
			sourceTree = "<group>";
		};
		DEEB3A255EF0DE2C5C26AE96 /* Frameworks */ = {
			isa = PBXGroup;
			children = (
				88922A1AB918F19A04B07211 /* Pods_TimeTable.framework */,
				15FE8C20AC7A1A64A549519E /* Pods_TimeTableTests.framework */,
			);
			name = Frameworks;
			sourceTree = "<group>";
		};
/* End PBXGroup section */

/* Begin PBXNativeTarget section */
		C1B5136821772D1200C3727C /* TimeTable */ = {
			isa = PBXNativeTarget;
			buildConfigurationList = C1B5138621772D1400C3727C /* Build configuration list for PBXNativeTarget "TimeTable" */;
			buildPhases = (
				FDC974FB7C500082CD73234D /* [CP] Check Pods Manifest.lock */,
				C1B5136521772D1200C3727C /* Sources */,
				C1B5136621772D1200C3727C /* Frameworks */,
				C1B5136721772D1200C3727C /* Resources */,
				E7F8FC399274A4FFA26264A9 /* [CP] Embed Pods Frameworks */,
				8D59EC219820241EAD27DD9D /* [CP] Copy Pods Resources */,
				C1249C862181D0F6005DB2A5 /* Swiftlint */,
			);
			buildRules = (
			);
			dependencies = (
			);
			name = TimeTable;
			productName = TimeTable;
			productReference = C1B5136921772D1200C3727C /* TimeTable.app */;
			productType = "com.apple.product-type.application";
		};
		C1B5137C21772D1400C3727C /* TimeTableTests */ = {
			isa = PBXNativeTarget;
			buildConfigurationList = C1B5138921772D1400C3727C /* Build configuration list for PBXNativeTarget "TimeTableTests" */;
			buildPhases = (
				2D744614CD5173C828F1E963 /* [CP] Check Pods Manifest.lock */,
				C1B5137921772D1400C3727C /* Sources */,
				C1B5137A21772D1400C3727C /* Frameworks */,
				C1B5137B21772D1400C3727C /* Resources */,
				E5CA50E7C20EDD52CEBEBB27 /* [CP] Embed Pods Frameworks */,
				8263F5A8A126752ABCC428F5 /* [CP] Copy Pods Resources */,
			);
			buildRules = (
			);
			dependencies = (
				C1B5137F21772D1400C3727C /* PBXTargetDependency */,
			);
			name = TimeTableTests;
			productName = TimeTableTests;
			productReference = C1B5137D21772D1400C3727C /* TimeTableTests.xctest */;
			productType = "com.apple.product-type.bundle.unit-test";
		};
/* End PBXNativeTarget section */

/* Begin PBXProject section */
		C1B5136121772D1200C3727C /* Project object */ = {
			isa = PBXProject;
			attributes = {
				LastSwiftUpdateCheck = 1000;
				LastUpgradeCheck = 1000;
				ORGANIZATIONNAME = Railwaymen;
				TargetAttributes = {
					C1B5136821772D1200C3727C = {
						CreatedOnToolsVersion = 10.0;
					};
					C1B5137C21772D1400C3727C = {
						CreatedOnToolsVersion = 10.0;
						LastSwiftMigration = 1000;
						TestTargetID = C1B5136821772D1200C3727C;
					};
				};
			};
			buildConfigurationList = C1B5136421772D1200C3727C /* Build configuration list for PBXProject "TimeTable" */;
			compatibilityVersion = "Xcode 9.3";
			developmentRegion = en;
			hasScannedForEncodings = 0;
			knownRegions = (
				en,
				Base,
				pl,
			);
			mainGroup = C1B5136021772D1200C3727C;
			productRefGroup = C1B5136A21772D1200C3727C /* Products */;
			projectDirPath = "";
			projectRoot = "";
			targets = (
				C1B5136821772D1200C3727C /* TimeTable */,
				C1B5137C21772D1400C3727C /* TimeTableTests */,
			);
		};
/* End PBXProject section */

/* Begin PBXResourcesBuildPhase section */
		C1B5136721772D1200C3727C /* Resources */ = {
			isa = PBXResourcesBuildPhase;
			buildActionMask = 2147483647;
			files = (
				C1B5137721772D1400C3727C /* LaunchScreen.storyboard in Resources */,
				C153AC452181E4E7007A35BB /* ServerConfiguration.storyboard in Resources */,
				C1B5137421772D1400C3727C /* Assets.xcassets in Resources */,
				C1F926EA218846F80004A9BC /* Login.storyboard in Resources */,
				C153AC592182F7BB007A35BB /* Localizable.strings in Resources */,
			);
			runOnlyForDeploymentPostprocessing = 0;
		};
		C1B5137B21772D1400C3727C /* Resources */ = {
			isa = PBXResourcesBuildPhase;
			buildActionMask = 2147483647;
			files = (
				C1B8FA51218C9A86009D10B4 /* singInRequest.json in Resources */,
				C1F69B2C21902FA5005D9114 /* singInResponse.json in Resources */,
			);
			runOnlyForDeploymentPostprocessing = 0;
		};
/* End PBXResourcesBuildPhase section */

/* Begin PBXShellScriptBuildPhase section */
		2D744614CD5173C828F1E963 /* [CP] Check Pods Manifest.lock */ = {
			isa = PBXShellScriptBuildPhase;
			buildActionMask = 2147483647;
			files = (
			);
			inputFileListPaths = (
			);
			inputPaths = (
			);
			name = "[CP] Check Pods Manifest.lock";
			outputFileListPaths = (
			);
			outputPaths = (
			);
			runOnlyForDeploymentPostprocessing = 0;
			shellPath = /bin/sh;
			shellScript = "diff \"${PODS_ROOT}/../Podfile.lock\" \"${PODS_ROOT}/Manifest.lock\" > /dev/null\nif [[ $? != 0 ]] ; then\n    cat << EOM\nerror: The sandbox is not in sync with the Podfile.lock. Run 'pod install' or update your CocoaPods installation.\nEOM\n    exit 1\nfi\n";
			showEnvVarsInLog = 0;
		};
		8263F5A8A126752ABCC428F5 /* [CP] Copy Pods Resources */ = {
			isa = PBXShellScriptBuildPhase;
			buildActionMask = 2147483647;
			files = (
			);
			inputFileListPaths = (
			);
			inputPaths = (
			);
			name = "[CP] Copy Pods Resources";
			outputFileListPaths = (
			);
			outputPaths = (
			);
			runOnlyForDeploymentPostprocessing = 0;
			shellPath = /bin/sh;
			shellScript = "\"${SRCROOT}/Pods/Target Support Files/Pods-TimeTableTests/Pods-TimeTableTests-resources.sh\"\n";
			showEnvVarsInLog = 0;
		};
		8D59EC219820241EAD27DD9D /* [CP] Copy Pods Resources */ = {
			isa = PBXShellScriptBuildPhase;
			buildActionMask = 2147483647;
			files = (
			);
			inputFileListPaths = (
			);
			inputPaths = (
			);
			name = "[CP] Copy Pods Resources";
			outputFileListPaths = (
			);
			outputPaths = (
			);
			runOnlyForDeploymentPostprocessing = 0;
			shellPath = /bin/sh;
			shellScript = "\"${SRCROOT}/Pods/Target Support Files/Pods-TimeTable/Pods-TimeTable-resources.sh\"\n";
			showEnvVarsInLog = 0;
		};
		C1249C862181D0F6005DB2A5 /* Swiftlint */ = {
			isa = PBXShellScriptBuildPhase;
			buildActionMask = 2147483647;
			files = (
			);
			inputFileListPaths = (
			);
			inputPaths = (
			);
			name = Swiftlint;
			outputFileListPaths = (
			);
			outputPaths = (
			);
			runOnlyForDeploymentPostprocessing = 0;
			shellPath = /bin/sh;
			shellScript = "\"${PODS_ROOT}/SwiftLint/swiftlint\"\n";
		};
		E5CA50E7C20EDD52CEBEBB27 /* [CP] Embed Pods Frameworks */ = {
			isa = PBXShellScriptBuildPhase;
			buildActionMask = 2147483647;
			files = (
			);
			inputFileListPaths = (
			);
			inputPaths = (
			);
			name = "[CP] Embed Pods Frameworks";
			outputFileListPaths = (
			);
			outputPaths = (
			);
			runOnlyForDeploymentPostprocessing = 0;
			shellPath = /bin/sh;
			shellScript = "\"${SRCROOT}/Pods/Target Support Files/Pods-TimeTableTests/Pods-TimeTableTests-frameworks.sh\"\n";
			showEnvVarsInLog = 0;
		};
		E7F8FC399274A4FFA26264A9 /* [CP] Embed Pods Frameworks */ = {
			isa = PBXShellScriptBuildPhase;
			buildActionMask = 2147483647;
			files = (
			);
			inputFileListPaths = (
			);
			inputPaths = (
			);
			name = "[CP] Embed Pods Frameworks";
			outputFileListPaths = (
			);
			outputPaths = (
			);
			runOnlyForDeploymentPostprocessing = 0;
			shellPath = /bin/sh;
			shellScript = "\"${SRCROOT}/Pods/Target Support Files/Pods-TimeTable/Pods-TimeTable-frameworks.sh\"\n";
			showEnvVarsInLog = 0;
		};
		FDC974FB7C500082CD73234D /* [CP] Check Pods Manifest.lock */ = {
			isa = PBXShellScriptBuildPhase;
			buildActionMask = 2147483647;
			files = (
			);
			inputFileListPaths = (
			);
			inputPaths = (
			);
			name = "[CP] Check Pods Manifest.lock";
			outputFileListPaths = (
			);
			outputPaths = (
			);
			runOnlyForDeploymentPostprocessing = 0;
			shellPath = /bin/sh;
			shellScript = "diff \"${PODS_ROOT}/../Podfile.lock\" \"${PODS_ROOT}/Manifest.lock\" > /dev/null\nif [[ $? != 0 ]] ; then\n    cat << EOM\nerror: The sandbox is not in sync with the Podfile.lock. Run 'pod install' or update your CocoaPods installation.\nEOM\n    exit 1\nfi\n";
			showEnvVarsInLog = 0;
		};
/* End PBXShellScriptBuildPhase section */

/* Begin PBXSourcesBuildPhase section */
		C1B5136521772D1200C3727C /* Sources */ = {
			isa = PBXSourcesBuildPhase;
			buildActionMask = 2147483647;
			files = (
				C1B8FA41218C91F3009D10B4 /* LoginCredentials.swift in Sources */,
				C1F926E6218838B80004A9BC /* LoginViewModel.swift in Sources */,
				C153AC6D21833BDC007A35BB /* AttributedButton.swift in Sources */,
				C153AC4E2182EF82007A35BB /* UIElementLocalizedType.swift in Sources */,
				C125C4D72187086C00FBA0DD /* CheckBoxButton.swift in Sources */,
				C153AC6621831499007A35BB /* NotificationCenter+Extenison.swift in Sources */,
				C1249C802181B4FC005DB2A5 /* ErrorHandler.swift in Sources */,
				C1F926E8218839C00004A9BC /* AuthenticationCoordinator.swift in Sources */,
				C1249C652181A1B7005DB2A5 /* BaseCoordinator.swift in Sources */,
				C1B8FA44218C929F009D10B4 /* SessionDecoder.swift in Sources */,
				C153AC4A2182EE9F007A35BB /* UILabel+Extension .swift in Sources */,
				C153AC6B218324DB007A35BB /* UIError.swift in Sources */,
				C1F7C2DE2190436B00F4FAF0 /* ServerConfigurationCoordinator.swift in Sources */,
				C1249C822181B547005DB2A5 /* ErrorHandlerType.swift in Sources */,
				C125C4DB21871C7A00FBA0DD /* ServerConfiguration.swift in Sources */,
				C122601C21899B84007D64A3 /* ServerConfigurationManager.swift in Sources */,
				C122602121899F82007D64A3 /* URLSessionDataTask+Extension.swift in Sources */,
				C1F926E4218838720004A9BC /* LoginViewController.swift in Sources */,
				C122601F21899F44007D64A3 /* URLSession+Extension.swift in Sources */,
				C1F69B2E21903818005D9114 /* LoginContentProvider.swift in Sources */,
				C1C4BA912189AE0900683F71 /* ApiError.swift in Sources */,
				C1249C772181AAE4005DB2A5 /* StoryboardsManager.swift in Sources */,
				C125C4D52186F76500FBA0DD /* CoordinatorErrorPresenterType.swift in Sources */,
				C1C4BA8F2189AD7700683F71 /* Result.swift in Sources */,
				C1C4BA932189AF3300683F71 /* HTTPMethods.swift in Sources */,
				C153AC6921832073007A35BB /* AttributedView.swift in Sources */,
				C153AC6421830AFE007A35BB /* ServerConfiguartionViewModel.swift in Sources */,
				C153AC512182EFEC007A35BB /* UIButton+Extension.swift in Sources */,
				C1249C742181A3D0005DB2A5 /* AppCoordinator.swift in Sources */,
				C153AC472182EBC1007A35BB /* ServerConfigurationViewController.swift in Sources */,
				C1249C682181A1E7005DB2A5 /* CoordinatorType.swift in Sources */,
				C153AC532182F1E3007A35BB /* UITextField+Extension.swift in Sources */,
				C153AC4C2182EF40007A35BB /* String+Extension.swift in Sources */,
				C1B5136D21772D1200C3727C /* AppDelegate.swift in Sources */,
			);
			runOnlyForDeploymentPostprocessing = 0;
		};
		C1B5137921772D1400C3727C /* Sources */ = {
			isa = PBXSourcesBuildPhase;
			buildActionMask = 2147483647;
			files = (
				C153AC7321834F22007A35BB /* ServerConfigurationViewModelTests.swift in Sources */,
				C1B8FA49218C963A009D10B4 /* LoginCredentialsTests.swift in Sources */,
				C17EA3BC2189EC1700A3F0CD /* URLSessionExtensionTests.swift in Sources */,
				C153AC6F218342F6007A35BB /* UIErrorTests.swift in Sources */,
				C1249C7C2181AEB0005DB2A5 /* AppCoordinatorTests.swift in Sources */,
				C17EA3B82189E04400A3F0CD /* ServerConfigurationManagerTests.swift in Sources */,
				C153AC602182FC4B007A35BB /* UITextFieldExtensionTests.swift in Sources */,
				C17EA3BA2189E9BA00A3F0CD /* ApiErrorTests.swift in Sources */,
				C1249C852181B567005DB2A5 /* ErrorHanlderTests.swift in Sources */,
				C1249C6E2181A265005DB2A5 /* Optional+Unwrap.swift in Sources */,
				C12260172188927A007D64A3 /* AuthenticationCoordinatorTests.swift in Sources */,
				C153AC622182FCB7007A35BB /* UILabelExtensionTests.swift in Sources */,
				C1F7C2E021904A1B00F4FAF0 /* ServerConfigurationCoordinatorTests.swift in Sources */,
				C125C4D32186F4D800FBA0DD /* ErrorHandlerTypeTests.swift in Sources */,
				C1249C6C2181A23A005DB2A5 /* Error+String.swift in Sources */,
				C153AC5E2182FA64007A35BB /* UIButtonExtensionTests.swift in Sources */,
				C1249C7A2181AC49005DB2A5 /* StoryboardsManagerTests.swift in Sources */,
				C122601A21898BD7007D64A3 /* LoginViewModelTests.swift in Sources */,
				C1B8FA4B218C964C009D10B4 /* SessionDecoderTests.swift in Sources */,
				C1249C712181A282005DB2A5 /* BaseCoordinatorTests.swift in Sources */,
				C1B8FA4D218C9A04009D10B4 /* JSONFileResource.swift in Sources */,
			);
			runOnlyForDeploymentPostprocessing = 0;
		};
/* End PBXSourcesBuildPhase section */

/* Begin PBXTargetDependency section */
		C1B5137F21772D1400C3727C /* PBXTargetDependency */ = {
			isa = PBXTargetDependency;
			target = C1B5136821772D1200C3727C /* TimeTable */;
			targetProxy = C1B5137E21772D1400C3727C /* PBXContainerItemProxy */;
		};
/* End PBXTargetDependency section */

/* Begin PBXVariantGroup section */
		C153AC5B2182F7BB007A35BB /* Localizable.strings */ = {
			isa = PBXVariantGroup;
			children = (
				C153AC5A2182F7BB007A35BB /* en */,
				C153AC5C2182F7BD007A35BB /* pl */,
			);
			name = Localizable.strings;
			sourceTree = "<group>";
		};
		C1B5137521772D1400C3727C /* LaunchScreen.storyboard */ = {
			isa = PBXVariantGroup;
			children = (
				C1B5137621772D1400C3727C /* Base */,
				C153AC562182F77C007A35BB /* pl */,
			);
			name = LaunchScreen.storyboard;
			sourceTree = "<group>";
		};
/* End PBXVariantGroup section */

/* Begin XCBuildConfiguration section */
		C1A10ABB21772DDC00A83651 /* Stage */ = {
			isa = XCBuildConfiguration;
			baseConfigurationReference = C1A10AB721772DB100A83651 /* Stage.xcconfig */;
			buildSettings = {
				ALWAYS_SEARCH_USER_PATHS = NO;
				CLANG_ANALYZER_LOCALIZABILITY_NONLOCALIZED = YES;
				CLANG_ANALYZER_NONNULL = YES;
				CLANG_ANALYZER_NUMBER_OBJECT_CONVERSION = YES_AGGRESSIVE;
				CLANG_CXX_LANGUAGE_STANDARD = "gnu++14";
				CLANG_CXX_LIBRARY = "libc++";
				CLANG_ENABLE_MODULES = YES;
				CLANG_ENABLE_OBJC_ARC = YES;
				CLANG_ENABLE_OBJC_WEAK = YES;
				CLANG_WARN_BLOCK_CAPTURE_AUTORELEASING = YES;
				CLANG_WARN_BOOL_CONVERSION = YES;
				CLANG_WARN_COMMA = YES;
				CLANG_WARN_CONSTANT_CONVERSION = YES;
				CLANG_WARN_DEPRECATED_OBJC_IMPLEMENTATIONS = YES;
				CLANG_WARN_DIRECT_OBJC_ISA_USAGE = YES_ERROR;
				CLANG_WARN_DOCUMENTATION_COMMENTS = YES;
				CLANG_WARN_EMPTY_BODY = YES;
				CLANG_WARN_ENUM_CONVERSION = YES;
				CLANG_WARN_INFINITE_RECURSION = YES;
				CLANG_WARN_INT_CONVERSION = YES;
				CLANG_WARN_NON_LITERAL_NULL_CONVERSION = YES;
				CLANG_WARN_OBJC_IMPLICIT_RETAIN_SELF = YES;
				CLANG_WARN_OBJC_LITERAL_CONVERSION = YES;
				CLANG_WARN_OBJC_ROOT_CLASS = YES_ERROR;
				CLANG_WARN_RANGE_LOOP_ANALYSIS = YES;
				CLANG_WARN_STRICT_PROTOTYPES = YES;
				CLANG_WARN_SUSPICIOUS_MOVE = YES;
				CLANG_WARN_UNGUARDED_AVAILABILITY = YES_AGGRESSIVE;
				CLANG_WARN_UNREACHABLE_CODE = YES;
				CLANG_WARN__DUPLICATE_METHOD_MATCH = YES;
				CODE_SIGN_IDENTITY = "iPhone Developer";
				COPY_PHASE_STRIP = NO;
				DEBUG_INFORMATION_FORMAT = dwarf;
				ENABLE_STRICT_OBJC_MSGSEND = YES;
				ENABLE_TESTABILITY = YES;
				GCC_C_LANGUAGE_STANDARD = gnu11;
				GCC_DYNAMIC_NO_PIC = NO;
				GCC_NO_COMMON_BLOCKS = YES;
				GCC_OPTIMIZATION_LEVEL = 0;
				GCC_PREPROCESSOR_DEFINITIONS = (
					"DEBUG=1",
					"$(inherited)",
				);
				GCC_WARN_64_TO_32_BIT_CONVERSION = YES;
				GCC_WARN_ABOUT_RETURN_TYPE = YES_ERROR;
				GCC_WARN_UNDECLARED_SELECTOR = YES;
				GCC_WARN_UNINITIALIZED_AUTOS = YES_AGGRESSIVE;
				GCC_WARN_UNUSED_FUNCTION = YES;
				GCC_WARN_UNUSED_VARIABLE = YES;
				IPHONEOS_DEPLOYMENT_TARGET = 10.0;
				MTL_ENABLE_DEBUG_INFO = INCLUDE_SOURCE;
				MTL_FAST_MATH = YES;
				ONLY_ACTIVE_ARCH = YES;
				SDKROOT = iphoneos;
				SWIFT_ACTIVE_COMPILATION_CONDITIONS = DEBUG;
				SWIFT_OPTIMIZATION_LEVEL = "-Onone";
			};
			name = Stage;
		};
		C1A10ABC21772DDC00A83651 /* Stage */ = {
			isa = XCBuildConfiguration;
			baseConfigurationReference = 709A006A1AEE2AB10E218C48 /* Pods-TimeTable.stage.xcconfig */;
			buildSettings = {
				ASSETCATALOG_COMPILER_APPICON_NAME = AppIcon;
				CODE_SIGN_STYLE = Manual;
				DEVELOPMENT_TEAM = 78CQWFZKPC;
				INFOPLIST_FILE = TimeTable/SupportingFiles/Info.plist;
				LD_RUNPATH_SEARCH_PATHS = (
					"$(inherited)",
					"@executable_path/Frameworks",
				);
				PRODUCT_BUNDLE_IDENTIFIER = "$(TT_APP_BUNDLE_ID)";
				PRODUCT_NAME = "$(TARGET_NAME)";
				PROVISIONING_PROFILE_SPECIFIER = TimeTableDevelopment;
				SWIFT_VERSION = 4.2;
				TARGETED_DEVICE_FAMILY = "1,2";
			};
			name = Stage;
		};
		C1A10ABD21772DDC00A83651 /* Stage */ = {
			isa = XCBuildConfiguration;
			baseConfigurationReference = C606DDF3BB59C86E7F198617 /* Pods-TimeTableTests.stage.xcconfig */;
			buildSettings = {
				ALWAYS_EMBED_SWIFT_STANDARD_LIBRARIES = YES;
				BUNDLE_LOADER = "$(TEST_HOST)";
				CLANG_ENABLE_MODULES = YES;
				CODE_SIGN_IDENTITY = "iPhone Developer";
				CODE_SIGN_STYLE = Manual;
				DEVELOPMENT_TEAM = "$(TT_DEVELOPMENT_TEAM_ID)";
				INFOPLIST_FILE = TimeTableTests/SupportingFiles/Info.plist;
				LD_RUNPATH_SEARCH_PATHS = (
					"$(inherited)",
					"@executable_path/Frameworks",
					"@loader_path/Frameworks",
				);
				PRODUCT_BUNDLE_IDENTIFIER = "$(TT_TEST_BUNDLE_ID)";
				PRODUCT_NAME = "$(TARGET_NAME)";
				PROVISIONING_PROFILE_SPECIFIER = "";
				SWIFT_OPTIMIZATION_LEVEL = "-Onone";
				SWIFT_VERSION = 4.2;
				TARGETED_DEVICE_FAMILY = "1,2";
				TEST_HOST = "$(BUILT_PRODUCTS_DIR)/TimeTable.app/TimeTable";
			};
			name = Stage;
		};
		C1B5138421772D1400C3727C /* Debug */ = {
			isa = XCBuildConfiguration;
			baseConfigurationReference = C1A10AB521772DB100A83651 /* Debug.xcconfig */;
			buildSettings = {
				ALWAYS_SEARCH_USER_PATHS = NO;
				CLANG_ANALYZER_LOCALIZABILITY_NONLOCALIZED = YES;
				CLANG_ANALYZER_NONNULL = YES;
				CLANG_ANALYZER_NUMBER_OBJECT_CONVERSION = YES_AGGRESSIVE;
				CLANG_CXX_LANGUAGE_STANDARD = "gnu++14";
				CLANG_CXX_LIBRARY = "libc++";
				CLANG_ENABLE_MODULES = YES;
				CLANG_ENABLE_OBJC_ARC = YES;
				CLANG_ENABLE_OBJC_WEAK = YES;
				CLANG_WARN_BLOCK_CAPTURE_AUTORELEASING = YES;
				CLANG_WARN_BOOL_CONVERSION = YES;
				CLANG_WARN_COMMA = YES;
				CLANG_WARN_CONSTANT_CONVERSION = YES;
				CLANG_WARN_DEPRECATED_OBJC_IMPLEMENTATIONS = YES;
				CLANG_WARN_DIRECT_OBJC_ISA_USAGE = YES_ERROR;
				CLANG_WARN_DOCUMENTATION_COMMENTS = YES;
				CLANG_WARN_EMPTY_BODY = YES;
				CLANG_WARN_ENUM_CONVERSION = YES;
				CLANG_WARN_INFINITE_RECURSION = YES;
				CLANG_WARN_INT_CONVERSION = YES;
				CLANG_WARN_NON_LITERAL_NULL_CONVERSION = YES;
				CLANG_WARN_OBJC_IMPLICIT_RETAIN_SELF = YES;
				CLANG_WARN_OBJC_LITERAL_CONVERSION = YES;
				CLANG_WARN_OBJC_ROOT_CLASS = YES_ERROR;
				CLANG_WARN_RANGE_LOOP_ANALYSIS = YES;
				CLANG_WARN_STRICT_PROTOTYPES = YES;
				CLANG_WARN_SUSPICIOUS_MOVE = YES;
				CLANG_WARN_UNGUARDED_AVAILABILITY = YES_AGGRESSIVE;
				CLANG_WARN_UNREACHABLE_CODE = YES;
				CLANG_WARN__DUPLICATE_METHOD_MATCH = YES;
				CODE_SIGN_IDENTITY = "iPhone Developer";
				COPY_PHASE_STRIP = NO;
				DEBUG_INFORMATION_FORMAT = dwarf;
				ENABLE_STRICT_OBJC_MSGSEND = YES;
				ENABLE_TESTABILITY = YES;
				GCC_C_LANGUAGE_STANDARD = gnu11;
				GCC_DYNAMIC_NO_PIC = NO;
				GCC_NO_COMMON_BLOCKS = YES;
				GCC_OPTIMIZATION_LEVEL = 0;
				GCC_PREPROCESSOR_DEFINITIONS = (
					"DEBUG=1",
					"$(inherited)",
				);
				GCC_WARN_64_TO_32_BIT_CONVERSION = YES;
				GCC_WARN_ABOUT_RETURN_TYPE = YES_ERROR;
				GCC_WARN_UNDECLARED_SELECTOR = YES;
				GCC_WARN_UNINITIALIZED_AUTOS = YES_AGGRESSIVE;
				GCC_WARN_UNUSED_FUNCTION = YES;
				GCC_WARN_UNUSED_VARIABLE = YES;
				IPHONEOS_DEPLOYMENT_TARGET = 10.0;
				MTL_ENABLE_DEBUG_INFO = INCLUDE_SOURCE;
				MTL_FAST_MATH = YES;
				ONLY_ACTIVE_ARCH = YES;
				SDKROOT = iphoneos;
				SWIFT_ACTIVE_COMPILATION_CONDITIONS = DEBUG;
				SWIFT_OPTIMIZATION_LEVEL = "-Onone";
			};
			name = Debug;
		};
		C1B5138521772D1400C3727C /* Release */ = {
			isa = XCBuildConfiguration;
			baseConfigurationReference = C1A10AB721772DB100A83651 /* Stage.xcconfig */;
			buildSettings = {
				ALWAYS_SEARCH_USER_PATHS = NO;
				CLANG_ANALYZER_LOCALIZABILITY_NONLOCALIZED = YES;
				CLANG_ANALYZER_NONNULL = YES;
				CLANG_ANALYZER_NUMBER_OBJECT_CONVERSION = YES_AGGRESSIVE;
				CLANG_CXX_LANGUAGE_STANDARD = "gnu++14";
				CLANG_CXX_LIBRARY = "libc++";
				CLANG_ENABLE_MODULES = YES;
				CLANG_ENABLE_OBJC_ARC = YES;
				CLANG_ENABLE_OBJC_WEAK = YES;
				CLANG_WARN_BLOCK_CAPTURE_AUTORELEASING = YES;
				CLANG_WARN_BOOL_CONVERSION = YES;
				CLANG_WARN_COMMA = YES;
				CLANG_WARN_CONSTANT_CONVERSION = YES;
				CLANG_WARN_DEPRECATED_OBJC_IMPLEMENTATIONS = YES;
				CLANG_WARN_DIRECT_OBJC_ISA_USAGE = YES_ERROR;
				CLANG_WARN_DOCUMENTATION_COMMENTS = YES;
				CLANG_WARN_EMPTY_BODY = YES;
				CLANG_WARN_ENUM_CONVERSION = YES;
				CLANG_WARN_INFINITE_RECURSION = YES;
				CLANG_WARN_INT_CONVERSION = YES;
				CLANG_WARN_NON_LITERAL_NULL_CONVERSION = YES;
				CLANG_WARN_OBJC_IMPLICIT_RETAIN_SELF = YES;
				CLANG_WARN_OBJC_LITERAL_CONVERSION = YES;
				CLANG_WARN_OBJC_ROOT_CLASS = YES_ERROR;
				CLANG_WARN_RANGE_LOOP_ANALYSIS = YES;
				CLANG_WARN_STRICT_PROTOTYPES = YES;
				CLANG_WARN_SUSPICIOUS_MOVE = YES;
				CLANG_WARN_UNGUARDED_AVAILABILITY = YES_AGGRESSIVE;
				CLANG_WARN_UNREACHABLE_CODE = YES;
				CLANG_WARN__DUPLICATE_METHOD_MATCH = YES;
				CODE_SIGN_IDENTITY = "iPhone Developer";
				COPY_PHASE_STRIP = NO;
				DEBUG_INFORMATION_FORMAT = "dwarf-with-dsym";
				ENABLE_NS_ASSERTIONS = NO;
				ENABLE_STRICT_OBJC_MSGSEND = YES;
				GCC_C_LANGUAGE_STANDARD = gnu11;
				GCC_NO_COMMON_BLOCKS = YES;
				GCC_WARN_64_TO_32_BIT_CONVERSION = YES;
				GCC_WARN_ABOUT_RETURN_TYPE = YES_ERROR;
				GCC_WARN_UNDECLARED_SELECTOR = YES;
				GCC_WARN_UNINITIALIZED_AUTOS = YES_AGGRESSIVE;
				GCC_WARN_UNUSED_FUNCTION = YES;
				GCC_WARN_UNUSED_VARIABLE = YES;
				IPHONEOS_DEPLOYMENT_TARGET = 10.0;
				MTL_ENABLE_DEBUG_INFO = NO;
				MTL_FAST_MATH = YES;
				SDKROOT = iphoneos;
				SWIFT_COMPILATION_MODE = wholemodule;
				SWIFT_OPTIMIZATION_LEVEL = "-O";
				VALIDATE_PRODUCT = YES;
			};
			name = Release;
		};
		C1B5138721772D1400C3727C /* Debug */ = {
			isa = XCBuildConfiguration;
			baseConfigurationReference = 66BDB567562F9CF7E9C0A94F /* Pods-TimeTable.debug.xcconfig */;
			buildSettings = {
				ASSETCATALOG_COMPILER_APPICON_NAME = AppIcon;
				CODE_SIGN_STYLE = Manual;
				DEVELOPMENT_TEAM = 78CQWFZKPC;
				INFOPLIST_FILE = TimeTable/SupportingFiles/Info.plist;
				LD_RUNPATH_SEARCH_PATHS = (
					"$(inherited)",
					"@executable_path/Frameworks",
				);
				PRODUCT_BUNDLE_IDENTIFIER = "$(TT_APP_BUNDLE_ID)";
				PRODUCT_NAME = "$(TARGET_NAME)";
				PROVISIONING_PROFILE_SPECIFIER = TimeTableDebugDevelopment;
				SWIFT_VERSION = 4.2;
				TARGETED_DEVICE_FAMILY = "1,2";
			};
			name = Debug;
		};
		C1B5138821772D1400C3727C /* Release */ = {
			isa = XCBuildConfiguration;
			baseConfigurationReference = 6BD568DB1454D07112D32F1A /* Pods-TimeTable.release.xcconfig */;
			buildSettings = {
				ASSETCATALOG_COMPILER_APPICON_NAME = AppIcon;
				CODE_SIGN_STYLE = Manual;
				DEVELOPMENT_TEAM = "$(TT_DEVELOPMENT_TEAM_ID)";
				INFOPLIST_FILE = TimeTable/SupportingFiles/Info.plist;
				LD_RUNPATH_SEARCH_PATHS = (
					"$(inherited)",
					"@executable_path/Frameworks",
				);
				PRODUCT_BUNDLE_IDENTIFIER = "$(TT_APP_BUNDLE_ID)";
				PRODUCT_NAME = "$(TARGET_NAME)";
				PROVISIONING_PROFILE_SPECIFIER = TimeTableDevelopment;
				SWIFT_VERSION = 4.2;
				TARGETED_DEVICE_FAMILY = "1,2";
			};
			name = Release;
		};
		C1B5138A21772D1400C3727C /* Debug */ = {
			isa = XCBuildConfiguration;
			baseConfigurationReference = 05D87566C0C83745F3DD8B1C /* Pods-TimeTableTests.debug.xcconfig */;
			buildSettings = {
				ALWAYS_EMBED_SWIFT_STANDARD_LIBRARIES = YES;
				BUNDLE_LOADER = "$(TEST_HOST)";
				CLANG_ENABLE_MODULES = YES;
				CODE_SIGN_IDENTITY = "iPhone Developer";
				CODE_SIGN_STYLE = Manual;
				DEVELOPMENT_TEAM = "$(TT_DEVELOPMENT_TEAM_ID)";
				INFOPLIST_FILE = TimeTableTests/SupportingFiles/Info.plist;
				LD_RUNPATH_SEARCH_PATHS = (
					"$(inherited)",
					"@executable_path/Frameworks",
					"@loader_path/Frameworks",
				);
				PRODUCT_BUNDLE_IDENTIFIER = "$(TT_TEST_BUNDLE_ID)";
				PRODUCT_NAME = "$(TARGET_NAME)";
				PROVISIONING_PROFILE_SPECIFIER = "";
				SWIFT_OPTIMIZATION_LEVEL = "-Onone";
				SWIFT_VERSION = 4.2;
				TARGETED_DEVICE_FAMILY = "1,2";
				TEST_HOST = "$(BUILT_PRODUCTS_DIR)/TimeTable.app/TimeTable";
			};
			name = Debug;
		};
		C1B5138B21772D1400C3727C /* Release */ = {
			isa = XCBuildConfiguration;
			baseConfigurationReference = 0FBF482875EDA8CC06F69C1C /* Pods-TimeTableTests.release.xcconfig */;
			buildSettings = {
				ALWAYS_EMBED_SWIFT_STANDARD_LIBRARIES = YES;
				BUNDLE_LOADER = "$(TEST_HOST)";
				CLANG_ENABLE_MODULES = YES;
				CODE_SIGN_IDENTITY = "iPhone Developer";
				CODE_SIGN_STYLE = Manual;
				DEVELOPMENT_TEAM = "$(TT_DEVELOPMENT_TEAM_ID)";
				INFOPLIST_FILE = TimeTableTests/SupportingFiles/Info.plist;
				LD_RUNPATH_SEARCH_PATHS = (
					"$(inherited)",
					"@executable_path/Frameworks",
					"@loader_path/Frameworks",
				);
				PRODUCT_BUNDLE_IDENTIFIER = "$(TT_TEST_BUNDLE_ID)";
				PRODUCT_NAME = "$(TARGET_NAME)";
				PROVISIONING_PROFILE_SPECIFIER = "";
				SWIFT_VERSION = 4.2;
				TARGETED_DEVICE_FAMILY = "1,2";
				TEST_HOST = "$(BUILT_PRODUCTS_DIR)/TimeTable.app/TimeTable";
			};
			name = Release;
		};
/* End XCBuildConfiguration section */

/* Begin XCConfigurationList section */
		C1B5136421772D1200C3727C /* Build configuration list for PBXProject "TimeTable" */ = {
			isa = XCConfigurationList;
			buildConfigurations = (
				C1B5138421772D1400C3727C /* Debug */,
				C1A10ABB21772DDC00A83651 /* Stage */,
				C1B5138521772D1400C3727C /* Release */,
			);
			defaultConfigurationIsVisible = 0;
			defaultConfigurationName = Release;
		};
		C1B5138621772D1400C3727C /* Build configuration list for PBXNativeTarget "TimeTable" */ = {
			isa = XCConfigurationList;
			buildConfigurations = (
				C1B5138721772D1400C3727C /* Debug */,
				C1A10ABC21772DDC00A83651 /* Stage */,
				C1B5138821772D1400C3727C /* Release */,
			);
			defaultConfigurationIsVisible = 0;
			defaultConfigurationName = Release;
		};
		C1B5138921772D1400C3727C /* Build configuration list for PBXNativeTarget "TimeTableTests" */ = {
			isa = XCConfigurationList;
			buildConfigurations = (
				C1B5138A21772D1400C3727C /* Debug */,
				C1A10ABD21772DDC00A83651 /* Stage */,
				C1B5138B21772D1400C3727C /* Release */,
			);
			defaultConfigurationIsVisible = 0;
			defaultConfigurationName = Release;
		};
/* End XCConfigurationList section */
	};
	rootObject = C1B5136121772D1200C3727C /* Project object */;
}
